// !$*UTF8*$!
{
	archiveVersion = 1;
	classes = {
	};
	objectVersion = 55;
	objects = {

/* Begin PBXBuildFile section */
		110CC47E2774B1B9006163BC /* MetricsInfo.swift in Sources */ = {isa = PBXBuildFile; fileRef = 110CC47D2774B1B9006163BC /* MetricsInfo.swift */; };
		1111C6A1278C6C4200E5BC87 /* LogFileParser.swift in Sources */ = {isa = PBXBuildFile; fileRef = 1111C6A0278C6C4200E5BC87 /* LogFileParser.swift */; };
		111F25DD2775BA29006D65D8 /* MicrosecondPrecisionDateFormatter.swift in Sources */ = {isa = PBXBuildFile; fileRef = 111F25DC2775BA29006D65D8 /* MicrosecondPrecisionDateFormatter.swift */; };
		111F25E22775CA9F006D65D8 /* LogsProvider.swift in Sources */ = {isa = PBXBuildFile; fileRef = 111F25E12775CA9F006D65D8 /* LogsProvider.swift */; };
		11A2CAC0276B92FD0026289D /* Benchmark.swift in Sources */ = {isa = PBXBuildFile; fileRef = 11A2CAAA276B92FD0026289D /* Benchmark.swift */; };
		11A2CAC1276B92FD0026289D /* StdStreamListener.swift in Sources */ = {isa = PBXBuildFile; fileRef = 11A2CAAC276B92FD0026289D /* StdStreamListener.swift */; };
		11A2CAC2276B92FD0026289D /* FileSystem.swift in Sources */ = {isa = PBXBuildFile; fileRef = 11A2CAAD276B92FD0026289D /* FileSystem.swift */; };
		11A2CAC4276B92FD0026289D /* ConsoleWriter.swift in Sources */ = {isa = PBXBuildFile; fileRef = 11A2CAB0276B92FD0026289D /* ConsoleWriter.swift */; };
		11A2CAC5276B92FD0026289D /* Level.swift in Sources */ = {isa = PBXBuildFile; fileRef = 11A2CAB1276B92FD0026289D /* Level.swift */; };
		11A2CAC6276B92FD0026289D /* LogWriter.swift in Sources */ = {isa = PBXBuildFile; fileRef = 11A2CAB2276B92FD0026289D /* LogWriter.swift */; };
		11A2CAC7276B92FD0026289D /* Message.swift in Sources */ = {isa = PBXBuildFile; fileRef = 11A2CAB3276B92FD0026289D /* Message.swift */; };
		11A2CAC8276B92FD0026289D /* LoggingSystem.swift in Sources */ = {isa = PBXBuildFile; fileRef = 11A2CAB4276B92FD0026289D /* LoggingSystem.swift */; };
		11A2CAC9276B92FD0026289D /* AppLogger.swift in Sources */ = {isa = PBXBuildFile; fileRef = 11A2CAB5276B92FD0026289D /* AppLogger.swift */; };
		11A2CACA276B92FD0026289D /* MetricsEventsProvider.swift in Sources */ = {isa = PBXBuildFile; fileRef = 11A2CAB7276B92FD0026289D /* MetricsEventsProvider.swift */; };
		11A2CACC276B92FD0026289D /* MetricsManager.swift in Sources */ = {isa = PBXBuildFile; fileRef = 11A2CAB9276B92FD0026289D /* MetricsManager.swift */; };
		11A2CACD276B92FD0026289D /* MetricsEvent.swift in Sources */ = {isa = PBXBuildFile; fileRef = 11A2CABA276B92FD0026289D /* MetricsEvent.swift */; };
		11A2CACE276B92FD0026289D /* RateCounter.swift in Sources */ = {isa = PBXBuildFile; fileRef = 11A2CABB276B92FD0026289D /* RateCounter.swift */; };
		11A2CAD1276B935F0026289D /* CommonUtils in Frameworks */ = {isa = PBXBuildFile; productRef = 11A2CAD0276B935F0026289D /* CommonUtils */; };
		11A2CADF276B93E70026289D /* AppMetrics.framework in Frameworks */ = {isa = PBXBuildFile; fileRef = 11A2CA76276B927F0026289D /* AppMetrics.framework */; };
		11A2CAE0276B93E70026289D /* AppMetrics.framework in Embed Frameworks */ = {isa = PBXBuildFile; fileRef = 11A2CA76276B927F0026289D /* AppMetrics.framework */; settings = {ATTRIBUTES = (CodeSignOnCopy, RemoveHeadersOnCopy, ); }; };
		11A2CAE5276B94370026289D /* LogCell.swift in Sources */ = {isa = PBXBuildFile; fileRef = 11A2CAA5276B92FD0026289D /* LogCell.swift */; };
		11A2CAE6276B943B0026289D /* LogsViewPresenter.swift in Sources */ = {isa = PBXBuildFile; fileRef = 11A2CAA6276B92FD0026289D /* LogsViewPresenter.swift */; };
		11A2CAE8276B94450026289D /* CommonUtils in Frameworks */ = {isa = PBXBuildFile; productRef = 11A2CAE7276B94450026289D /* CommonUtils */; };
		11A2CAE9276B945D0026289D /* LogsView.swift in Sources */ = {isa = PBXBuildFile; fileRef = 11A2CAA7276B92FD0026289D /* LogsView.swift */; };
		11A2CAEA276B94610026289D /* LogCell+ViewModel.swift in Sources */ = {isa = PBXBuildFile; fileRef = 11A2CAA8276B92FD0026289D /* LogCell+ViewModel.swift */; };
		11E91A062779C522005537AD /* LogMessageCoder.swift in Sources */ = {isa = PBXBuildFile; fileRef = 11E91A052779C522005537AD /* LogMessageCoder.swift */; };
		11F5417C277B026900EEC3E6 /* LogFilesHandle.swift in Sources */ = {isa = PBXBuildFile; fileRef = 11F5417B277B026900EEC3E6 /* LogFilesHandle.swift */; };
		11F5417F277B069A00EEC3E6 /* FileManager.swift in Sources */ = {isa = PBXBuildFile; fileRef = 11F5417E277B069A00EEC3E6 /* FileManager.swift */; };
/* End PBXBuildFile section */

/* Begin PBXContainerItemProxy section */
		11A2CAE1276B93E70026289D /* PBXContainerItemProxy */ = {
			isa = PBXContainerItemProxy;
			containerPortal = 11A2CA6D276B927F0026289D /* Project object */;
			proxyType = 1;
			remoteGlobalIDString = 11A2CA75276B927F0026289D;
			remoteInfo = AppMetrics;
		};
/* End PBXContainerItemProxy section */

/* Begin PBXCopyFilesBuildPhase section */
		11A2CAE3276B93E70026289D /* Embed Frameworks */ = {
			isa = PBXCopyFilesBuildPhase;
			buildActionMask = 2147483647;
			dstPath = "";
			dstSubfolderSpec = 10;
			files = (
				11A2CAE0276B93E70026289D /* AppMetrics.framework in Embed Frameworks */,
			);
			name = "Embed Frameworks";
			runOnlyForDeploymentPostprocessing = 0;
		};
/* End PBXCopyFilesBuildPhase section */

/* Begin PBXFileReference section */
		110CC47D2774B1B9006163BC /* MetricsInfo.swift */ = {isa = PBXFileReference; lastKnownFileType = sourcecode.swift; path = MetricsInfo.swift; sourceTree = "<group>"; };
		1111C6A0278C6C4200E5BC87 /* LogFileParser.swift */ = {isa = PBXFileReference; lastKnownFileType = sourcecode.swift; path = LogFileParser.swift; sourceTree = "<group>"; };
		111F25DC2775BA29006D65D8 /* MicrosecondPrecisionDateFormatter.swift */ = {isa = PBXFileReference; lastKnownFileType = sourcecode.swift; path = MicrosecondPrecisionDateFormatter.swift; sourceTree = "<group>"; };
		111F25E12775CA9F006D65D8 /* LogsProvider.swift */ = {isa = PBXFileReference; lastKnownFileType = sourcecode.swift; path = LogsProvider.swift; sourceTree = "<group>"; };
		11A2CA76276B927F0026289D /* AppMetrics.framework */ = {isa = PBXFileReference; explicitFileType = wrapper.framework; includeInIndex = 0; path = AppMetrics.framework; sourceTree = BUILT_PRODUCTS_DIR; };
		11A2CAA5276B92FD0026289D /* LogCell.swift */ = {isa = PBXFileReference; fileEncoding = 4; lastKnownFileType = sourcecode.swift; path = LogCell.swift; sourceTree = "<group>"; };
		11A2CAA6276B92FD0026289D /* LogsViewPresenter.swift */ = {isa = PBXFileReference; fileEncoding = 4; lastKnownFileType = sourcecode.swift; path = LogsViewPresenter.swift; sourceTree = "<group>"; };
		11A2CAA7276B92FD0026289D /* LogsView.swift */ = {isa = PBXFileReference; fileEncoding = 4; lastKnownFileType = sourcecode.swift; path = LogsView.swift; sourceTree = "<group>"; };
		11A2CAA8276B92FD0026289D /* LogCell+ViewModel.swift */ = {isa = PBXFileReference; fileEncoding = 4; lastKnownFileType = sourcecode.swift; path = "LogCell+ViewModel.swift"; sourceTree = "<group>"; };
		11A2CAAA276B92FD0026289D /* Benchmark.swift */ = {isa = PBXFileReference; fileEncoding = 4; lastKnownFileType = sourcecode.swift; path = Benchmark.swift; sourceTree = "<group>"; };
		11A2CAAC276B92FD0026289D /* StdStreamListener.swift */ = {isa = PBXFileReference; fileEncoding = 4; lastKnownFileType = sourcecode.swift; path = StdStreamListener.swift; sourceTree = "<group>"; };
		11A2CAAD276B92FD0026289D /* FileSystem.swift */ = {isa = PBXFileReference; fileEncoding = 4; lastKnownFileType = sourcecode.swift; path = FileSystem.swift; sourceTree = "<group>"; };
		11A2CAB0276B92FD0026289D /* ConsoleWriter.swift */ = {isa = PBXFileReference; fileEncoding = 4; lastKnownFileType = sourcecode.swift; path = ConsoleWriter.swift; sourceTree = "<group>"; };
		11A2CAB1276B92FD0026289D /* Level.swift */ = {isa = PBXFileReference; fileEncoding = 4; lastKnownFileType = sourcecode.swift; path = Level.swift; sourceTree = "<group>"; };
		11A2CAB2276B92FD0026289D /* LogWriter.swift */ = {isa = PBXFileReference; fileEncoding = 4; lastKnownFileType = sourcecode.swift; path = LogWriter.swift; sourceTree = "<group>"; };
		11A2CAB3276B92FD0026289D /* Message.swift */ = {isa = PBXFileReference; fileEncoding = 4; lastKnownFileType = sourcecode.swift; path = Message.swift; sourceTree = "<group>"; };
		11A2CAB4276B92FD0026289D /* LoggingSystem.swift */ = {isa = PBXFileReference; fileEncoding = 4; lastKnownFileType = sourcecode.swift; path = LoggingSystem.swift; sourceTree = "<group>"; };
		11A2CAB5276B92FD0026289D /* AppLogger.swift */ = {isa = PBXFileReference; fileEncoding = 4; lastKnownFileType = sourcecode.swift; path = AppLogger.swift; sourceTree = "<group>"; };
		11A2CAB7276B92FD0026289D /* MetricsEventsProvider.swift */ = {isa = PBXFileReference; fileEncoding = 4; lastKnownFileType = sourcecode.swift; path = MetricsEventsProvider.swift; sourceTree = "<group>"; };
		11A2CAB9276B92FD0026289D /* MetricsManager.swift */ = {isa = PBXFileReference; fileEncoding = 4; lastKnownFileType = sourcecode.swift; path = MetricsManager.swift; sourceTree = "<group>"; };
		11A2CABA276B92FD0026289D /* MetricsEvent.swift */ = {isa = PBXFileReference; fileEncoding = 4; lastKnownFileType = sourcecode.swift; path = MetricsEvent.swift; sourceTree = "<group>"; };
		11A2CABB276B92FD0026289D /* RateCounter.swift */ = {isa = PBXFileReference; fileEncoding = 4; lastKnownFileType = sourcecode.swift; path = RateCounter.swift; sourceTree = "<group>"; };
		11A2CAD7276B93C70026289D /* AppMetricsKit.framework */ = {isa = PBXFileReference; explicitFileType = wrapper.framework; includeInIndex = 0; path = AppMetricsKit.framework; sourceTree = BUILT_PRODUCTS_DIR; };
		11A2CAED276B956C0026289D /* LICENSE */ = {isa = PBXFileReference; lastKnownFileType = text; path = LICENSE; sourceTree = "<group>"; };
		11A2CAEE276B956C0026289D /* README.md */ = {isa = PBXFileReference; lastKnownFileType = net.daringfireball.markdown; path = README.md; sourceTree = "<group>"; };
		11E91A052779C522005537AD /* LogMessageCoder.swift */ = {isa = PBXFileReference; lastKnownFileType = sourcecode.swift; path = LogMessageCoder.swift; sourceTree = "<group>"; };
		11F5417B277B026900EEC3E6 /* LogFilesHandle.swift */ = {isa = PBXFileReference; lastKnownFileType = sourcecode.swift; path = LogFilesHandle.swift; sourceTree = "<group>"; };
		11F5417E277B069A00EEC3E6 /* FileManager.swift */ = {isa = PBXFileReference; lastKnownFileType = sourcecode.swift; path = FileManager.swift; sourceTree = "<group>"; };
/* End PBXFileReference section */

/* Begin PBXFrameworksBuildPhase section */
		11A2CA73276B927F0026289D /* Frameworks */ = {
			isa = PBXFrameworksBuildPhase;
			buildActionMask = 2147483647;
			files = (
				11A2CAD1276B935F0026289D /* CommonUtils in Frameworks */,
			);
			runOnlyForDeploymentPostprocessing = 0;
		};
		11A2CAD4276B93C70026289D /* Frameworks */ = {
			isa = PBXFrameworksBuildPhase;
			buildActionMask = 2147483647;
			files = (
				11A2CADF276B93E70026289D /* AppMetrics.framework in Frameworks */,
				11A2CAE8276B94450026289D /* CommonUtils in Frameworks */,
			);
			runOnlyForDeploymentPostprocessing = 0;
		};
/* End PBXFrameworksBuildPhase section */

/* Begin PBXGroup section */
		111F25DE2775C78C006D65D8 /* LoggingSystem */ = {
			isa = PBXGroup;
			children = (
				1111C6A0278C6C4200E5BC87 /* LogFileParser.swift */,
				11A2CAB4276B92FD0026289D /* LoggingSystem.swift */,
				111F25E12775CA9F006D65D8 /* LogsProvider.swift */,
				11E91A052779C522005537AD /* LogMessageCoder.swift */,
				11F5417B277B026900EEC3E6 /* LogFilesHandle.swift */,
			);
			path = LoggingSystem;
			sourceTree = "<group>";
		};
		11A2CA6C276B927F0026289D = {
			isa = PBXGroup;
			children = (
				11A2CAED276B956C0026289D /* LICENSE */,
				11A2CAEE276B956C0026289D /* README.md */,
				11A2CAE4276B93EE0026289D /* Deployment */,
				11A2CAA2276B92FD0026289D /* Sources */,
				11A2CA77276B927F0026289D /* Products */,
				11A2CADE276B93E70026289D /* Frameworks */,
			);
			sourceTree = "<group>";
		};
		11A2CA77276B927F0026289D /* Products */ = {
			isa = PBXGroup;
			children = (
				11A2CA76276B927F0026289D /* AppMetrics.framework */,
				11A2CAD7276B93C70026289D /* AppMetricsKit.framework */,
			);
			name = Products;
			sourceTree = "<group>";
		};
		11A2CAA2276B92FD0026289D /* Sources */ = {
			isa = PBXGroup;
			children = (
				11A2CAA3276B92FD0026289D /* AppMetricsKit */,
				11A2CAA9276B92FD0026289D /* AppMetrics */,
			);
			path = Sources;
			sourceTree = "<group>";
		};
		11A2CAA3276B92FD0026289D /* AppMetricsKit */ = {
			isa = PBXGroup;
			children = (
				11A2CAA4276B92FD0026289D /* LogsView */,
			);
			path = AppMetricsKit;
			sourceTree = "<group>";
		};
		11A2CAA4276B92FD0026289D /* LogsView */ = {
			isa = PBXGroup;
			children = (
				11A2CAA5276B92FD0026289D /* LogCell.swift */,
				11A2CAA6276B92FD0026289D /* LogsViewPresenter.swift */,
				11A2CAA7276B92FD0026289D /* LogsView.swift */,
				11A2CAA8276B92FD0026289D /* LogCell+ViewModel.swift */,
			);
			path = LogsView;
			sourceTree = "<group>";
		};
		11A2CAA9276B92FD0026289D /* AppMetrics */ = {
			isa = PBXGroup;
			children = (
				111F25DC2775BA29006D65D8 /* MicrosecondPrecisionDateFormatter.swift */,
				11A2CABB276B92FD0026289D /* RateCounter.swift */,
				11A2CAAA276B92FD0026289D /* Benchmark.swift */,
				11A2CAAB276B92FD0026289D /* Core */,
				11A2CAAF276B92FD0026289D /* AppLogger */,
				11A2CAB6276B92FD0026289D /* MetricsManager */,
			);
			path = AppMetrics;
			sourceTree = "<group>";
		};
		11A2CAAB276B92FD0026289D /* Core */ = {
			isa = PBXGroup;
			children = (
				11F5417D277B069000EEC3E6 /* Extensions */,
				11A2CAAC276B92FD0026289D /* StdStreamListener.swift */,
				11A2CAAD276B92FD0026289D /* FileSystem.swift */,
			);
			path = Core;
			sourceTree = "<group>";
		};
		11A2CAAF276B92FD0026289D /* AppLogger */ = {
			isa = PBXGroup;
			children = (
				111F25DE2775C78C006D65D8 /* LoggingSystem */,
				11A2CAB5276B92FD0026289D /* AppLogger.swift */,
				11A2CAB1276B92FD0026289D /* Level.swift */,
				11A2CAB3276B92FD0026289D /* Message.swift */,
				11A2CAB0276B92FD0026289D /* ConsoleWriter.swift */,
				11A2CAB2276B92FD0026289D /* LogWriter.swift */,
			);
			path = AppLogger;
			sourceTree = "<group>";
		};
		11A2CAB6276B92FD0026289D /* MetricsManager */ = {
			isa = PBXGroup;
			children = (
				110CC47D2774B1B9006163BC /* MetricsInfo.swift */,
				11A2CAB7276B92FD0026289D /* MetricsEventsProvider.swift */,
				11A2CAB9276B92FD0026289D /* MetricsManager.swift */,
				11A2CABA276B92FD0026289D /* MetricsEvent.swift */,
			);
			path = MetricsManager;
			sourceTree = "<group>";
		};
		11A2CADE276B93E70026289D /* Frameworks */ = {
			isa = PBXGroup;
			children = (
			);
			name = Frameworks;
			sourceTree = "<group>";
		};
		11A2CAE4276B93EE0026289D /* Deployment */ = {
			isa = PBXGroup;
			children = (
			);
			name = Deployment;
			sourceTree = "<group>";
		};
		11F5417D277B069000EEC3E6 /* Extensions */ = {
			isa = PBXGroup;
			children = (
				11F5417E277B069A00EEC3E6 /* FileManager.swift */,
			);
			path = Extensions;
			sourceTree = "<group>";
		};
/* End PBXGroup section */

/* Begin PBXHeadersBuildPhase section */
		11A2CA71276B927F0026289D /* Headers */ = {
			isa = PBXHeadersBuildPhase;
			buildActionMask = 2147483647;
			files = (
			);
			runOnlyForDeploymentPostprocessing = 0;
		};
		11A2CAD2276B93C70026289D /* Headers */ = {
			isa = PBXHeadersBuildPhase;
			buildActionMask = 2147483647;
			files = (
			);
			runOnlyForDeploymentPostprocessing = 0;
		};
/* End PBXHeadersBuildPhase section */

/* Begin PBXNativeTarget section */
		11A2CA75276B927F0026289D /* AppMetrics */ = {
			isa = PBXNativeTarget;
			buildConfigurationList = 11A2CA7D276B927F0026289D /* Build configuration list for PBXNativeTarget "AppMetrics" */;
			buildPhases = (
				11A2CA71276B927F0026289D /* Headers */,
				11A2CA72276B927F0026289D /* Sources */,
				11A2CA73276B927F0026289D /* Frameworks */,
				11A2CA74276B927F0026289D /* Resources */,
			);
			buildRules = (
			);
			dependencies = (
			);
			name = AppMetrics;
			packageProductDependencies = (
				11A2CAD0276B935F0026289D /* CommonUtils */,
			);
			productName = AppMetrics;
			productReference = 11A2CA76276B927F0026289D /* AppMetrics.framework */;
			productType = "com.apple.product-type.framework";
		};
		11A2CAD6276B93C70026289D /* AppMetricsKit */ = {
			isa = PBXNativeTarget;
			buildConfigurationList = 11A2CADB276B93C70026289D /* Build configuration list for PBXNativeTarget "AppMetricsKit" */;
			buildPhases = (
				11A2CAD2276B93C70026289D /* Headers */,
				11A2CAD3276B93C70026289D /* Sources */,
				11A2CAD4276B93C70026289D /* Frameworks */,
				11A2CAD5276B93C70026289D /* Resources */,
				11A2CAE3276B93E70026289D /* Embed Frameworks */,
			);
			buildRules = (
			);
			dependencies = (
				11A2CAE2276B93E70026289D /* PBXTargetDependency */,
			);
			name = AppMetricsKit;
			packageProductDependencies = (
				11A2CAE7276B94450026289D /* CommonUtils */,
			);
			productName = AppMetricsKit;
			productReference = 11A2CAD7276B93C70026289D /* AppMetricsKit.framework */;
			productType = "com.apple.product-type.framework";
		};
/* End PBXNativeTarget section */

/* Begin PBXProject section */
		11A2CA6D276B927F0026289D /* Project object */ = {
			isa = PBXProject;
			attributes = {
				BuildIndependentTargetsInParallel = 1;
				LastUpgradeCheck = 1310;
				TargetAttributes = {
					11A2CA75276B927F0026289D = {
						CreatedOnToolsVersion = 13.1;
					};
					11A2CAD6276B93C70026289D = {
						CreatedOnToolsVersion = 13.1;
					};
				};
			};
			buildConfigurationList = 11A2CA70276B927F0026289D /* Build configuration list for PBXProject "AppMetrics" */;
			compatibilityVersion = "Xcode 13.0";
			developmentRegion = en;
			hasScannedForEncodings = 0;
			knownRegions = (
				en,
				Base,
			);
			mainGroup = 11A2CA6C276B927F0026289D;
			packageReferences = (
				11A2CACF276B935F0026289D /* XCRemoteSwiftPackageReference "CommonUtils" */,
			);
			productRefGroup = 11A2CA77276B927F0026289D /* Products */;
			projectDirPath = "";
			projectRoot = "";
			targets = (
				11A2CA75276B927F0026289D /* AppMetrics */,
				11A2CAD6276B93C70026289D /* AppMetricsKit */,
			);
		};
/* End PBXProject section */

/* Begin PBXResourcesBuildPhase section */
		11A2CA74276B927F0026289D /* Resources */ = {
			isa = PBXResourcesBuildPhase;
			buildActionMask = 2147483647;
			files = (
			);
			runOnlyForDeploymentPostprocessing = 0;
		};
		11A2CAD5276B93C70026289D /* Resources */ = {
			isa = PBXResourcesBuildPhase;
			buildActionMask = 2147483647;
			files = (
			);
			runOnlyForDeploymentPostprocessing = 0;
		};
/* End PBXResourcesBuildPhase section */

/* Begin PBXSourcesBuildPhase section */
		11A2CA72276B927F0026289D /* Sources */ = {
			isa = PBXSourcesBuildPhase;
			buildActionMask = 2147483647;
			files = (
				11A2CACD276B92FD0026289D /* MetricsEvent.swift in Sources */,
				1111C6A1278C6C4200E5BC87 /* LogFileParser.swift in Sources */,
				11E91A062779C522005537AD /* LogMessageCoder.swift in Sources */,
				11A2CAC2276B92FD0026289D /* FileSystem.swift in Sources */,
				11A2CACE276B92FD0026289D /* RateCounter.swift in Sources */,
				11F5417C277B026900EEC3E6 /* LogFilesHandle.swift in Sources */,
				11A2CAC6276B92FD0026289D /* LogWriter.swift in Sources */,
				111F25E22775CA9F006D65D8 /* LogsProvider.swift in Sources */,
				11A2CAC5276B92FD0026289D /* Level.swift in Sources */,
				11A2CACA276B92FD0026289D /* MetricsEventsProvider.swift in Sources */,
				11A2CAC9276B92FD0026289D /* AppLogger.swift in Sources */,
				11A2CAC0276B92FD0026289D /* Benchmark.swift in Sources */,
				11A2CAC7276B92FD0026289D /* Message.swift in Sources */,
				11A2CAC4276B92FD0026289D /* ConsoleWriter.swift in Sources */,
				11A2CACC276B92FD0026289D /* MetricsManager.swift in Sources */,
				11F5417F277B069A00EEC3E6 /* FileManager.swift in Sources */,
				11A2CAC8276B92FD0026289D /* LoggingSystem.swift in Sources */,
				111F25DD2775BA29006D65D8 /* MicrosecondPrecisionDateFormatter.swift in Sources */,
				11A2CAC1276B92FD0026289D /* StdStreamListener.swift in Sources */,
				110CC47E2774B1B9006163BC /* MetricsInfo.swift in Sources */,
			);
			runOnlyForDeploymentPostprocessing = 0;
		};
		11A2CAD3276B93C70026289D /* Sources */ = {
			isa = PBXSourcesBuildPhase;
			buildActionMask = 2147483647;
			files = (
				11A2CAE9276B945D0026289D /* LogsView.swift in Sources */,
				11A2CAE5276B94370026289D /* LogCell.swift in Sources */,
				11A2CAE6276B943B0026289D /* LogsViewPresenter.swift in Sources */,
				11A2CAEA276B94610026289D /* LogCell+ViewModel.swift in Sources */,
			);
			runOnlyForDeploymentPostprocessing = 0;
		};
/* End PBXSourcesBuildPhase section */

/* Begin PBXTargetDependency section */
		11A2CAE2276B93E70026289D /* PBXTargetDependency */ = {
			isa = PBXTargetDependency;
			target = 11A2CA75276B927F0026289D /* AppMetrics */;
			targetProxy = 11A2CAE1276B93E70026289D /* PBXContainerItemProxy */;
		};
/* End PBXTargetDependency section */

/* Begin XCBuildConfiguration section */
		11A2CA7B276B927F0026289D /* Debug */ = {
			isa = XCBuildConfiguration;
			buildSettings = {
				ALWAYS_SEARCH_USER_PATHS = NO;
				CLANG_ANALYZER_NONNULL = YES;
				CLANG_ANALYZER_NUMBER_OBJECT_CONVERSION = YES_AGGRESSIVE;
				CLANG_CXX_LANGUAGE_STANDARD = "gnu++17";
				CLANG_CXX_LIBRARY = "libc++";
				CLANG_ENABLE_MODULES = YES;
				CLANG_ENABLE_OBJC_ARC = YES;
				CLANG_ENABLE_OBJC_WEAK = YES;
				CLANG_WARN_BLOCK_CAPTURE_AUTORELEASING = YES;
				CLANG_WARN_BOOL_CONVERSION = YES;
				CLANG_WARN_COMMA = YES;
				CLANG_WARN_CONSTANT_CONVERSION = YES;
				CLANG_WARN_DEPRECATED_OBJC_IMPLEMENTATIONS = YES;
				CLANG_WARN_DIRECT_OBJC_ISA_USAGE = YES_ERROR;
				CLANG_WARN_DOCUMENTATION_COMMENTS = YES;
				CLANG_WARN_EMPTY_BODY = YES;
				CLANG_WARN_ENUM_CONVERSION = YES;
				CLANG_WARN_INFINITE_RECURSION = YES;
				CLANG_WARN_INT_CONVERSION = YES;
				CLANG_WARN_NON_LITERAL_NULL_CONVERSION = YES;
				CLANG_WARN_OBJC_IMPLICIT_RETAIN_SELF = YES;
				CLANG_WARN_OBJC_LITERAL_CONVERSION = YES;
				CLANG_WARN_OBJC_ROOT_CLASS = YES_ERROR;
				CLANG_WARN_QUOTED_INCLUDE_IN_FRAMEWORK_HEADER = YES;
				CLANG_WARN_RANGE_LOOP_ANALYSIS = YES;
				CLANG_WARN_STRICT_PROTOTYPES = YES;
				CLANG_WARN_SUSPICIOUS_MOVE = YES;
				CLANG_WARN_UNGUARDED_AVAILABILITY = YES_AGGRESSIVE;
				CLANG_WARN_UNREACHABLE_CODE = YES;
				CLANG_WARN__DUPLICATE_METHOD_MATCH = YES;
				COPY_PHASE_STRIP = NO;
				CURRENT_PROJECT_VERSION = 1;
				DEBUG_INFORMATION_FORMAT = dwarf;
				ENABLE_STRICT_OBJC_MSGSEND = YES;
				ENABLE_TESTABILITY = YES;
				GCC_C_LANGUAGE_STANDARD = gnu11;
				GCC_DYNAMIC_NO_PIC = NO;
				GCC_NO_COMMON_BLOCKS = YES;
				GCC_OPTIMIZATION_LEVEL = 0;
				GCC_PREPROCESSOR_DEFINITIONS = (
					"DEBUG=1",
					"$(inherited)",
				);
				GCC_WARN_64_TO_32_BIT_CONVERSION = YES;
				GCC_WARN_ABOUT_RETURN_TYPE = YES_ERROR;
				GCC_WARN_UNDECLARED_SELECTOR = YES;
				GCC_WARN_UNINITIALIZED_AUTOS = YES_AGGRESSIVE;
				GCC_WARN_UNUSED_FUNCTION = YES;
				GCC_WARN_UNUSED_VARIABLE = YES;
				IPHONEOS_DEPLOYMENT_TARGET = 15.0;
				MTL_ENABLE_DEBUG_INFO = INCLUDE_SOURCE;
				MTL_FAST_MATH = YES;
				ONLY_ACTIVE_ARCH = YES;
				SDKROOT = iphoneos;
				SWIFT_ACTIVE_COMPILATION_CONDITIONS = DEBUG;
				SWIFT_OPTIMIZATION_LEVEL = "-Onone";
				VERSIONING_SYSTEM = "apple-generic";
				VERSION_INFO_PREFIX = "";
			};
			name = Debug;
		};
		11A2CA7C276B927F0026289D /* Release */ = {
			isa = XCBuildConfiguration;
			buildSettings = {
				ALWAYS_SEARCH_USER_PATHS = NO;
				CLANG_ANALYZER_NONNULL = YES;
				CLANG_ANALYZER_NUMBER_OBJECT_CONVERSION = YES_AGGRESSIVE;
				CLANG_CXX_LANGUAGE_STANDARD = "gnu++17";
				CLANG_CXX_LIBRARY = "libc++";
				CLANG_ENABLE_MODULES = YES;
				CLANG_ENABLE_OBJC_ARC = YES;
				CLANG_ENABLE_OBJC_WEAK = YES;
				CLANG_WARN_BLOCK_CAPTURE_AUTORELEASING = YES;
				CLANG_WARN_BOOL_CONVERSION = YES;
				CLANG_WARN_COMMA = YES;
				CLANG_WARN_CONSTANT_CONVERSION = YES;
				CLANG_WARN_DEPRECATED_OBJC_IMPLEMENTATIONS = YES;
				CLANG_WARN_DIRECT_OBJC_ISA_USAGE = YES_ERROR;
				CLANG_WARN_DOCUMENTATION_COMMENTS = YES;
				CLANG_WARN_EMPTY_BODY = YES;
				CLANG_WARN_ENUM_CONVERSION = YES;
				CLANG_WARN_INFINITE_RECURSION = YES;
				CLANG_WARN_INT_CONVERSION = YES;
				CLANG_WARN_NON_LITERAL_NULL_CONVERSION = YES;
				CLANG_WARN_OBJC_IMPLICIT_RETAIN_SELF = YES;
				CLANG_WARN_OBJC_LITERAL_CONVERSION = YES;
				CLANG_WARN_OBJC_ROOT_CLASS = YES_ERROR;
				CLANG_WARN_QUOTED_INCLUDE_IN_FRAMEWORK_HEADER = YES;
				CLANG_WARN_RANGE_LOOP_ANALYSIS = YES;
				CLANG_WARN_STRICT_PROTOTYPES = YES;
				CLANG_WARN_SUSPICIOUS_MOVE = YES;
				CLANG_WARN_UNGUARDED_AVAILABILITY = YES_AGGRESSIVE;
				CLANG_WARN_UNREACHABLE_CODE = YES;
				CLANG_WARN__DUPLICATE_METHOD_MATCH = YES;
				COPY_PHASE_STRIP = NO;
				CURRENT_PROJECT_VERSION = 1;
				DEBUG_INFORMATION_FORMAT = "dwarf-with-dsym";
				ENABLE_NS_ASSERTIONS = NO;
				ENABLE_STRICT_OBJC_MSGSEND = YES;
				GCC_C_LANGUAGE_STANDARD = gnu11;
				GCC_NO_COMMON_BLOCKS = YES;
				GCC_WARN_64_TO_32_BIT_CONVERSION = YES;
				GCC_WARN_ABOUT_RETURN_TYPE = YES_ERROR;
				GCC_WARN_UNDECLARED_SELECTOR = YES;
				GCC_WARN_UNINITIALIZED_AUTOS = YES_AGGRESSIVE;
				GCC_WARN_UNUSED_FUNCTION = YES;
				GCC_WARN_UNUSED_VARIABLE = YES;
				IPHONEOS_DEPLOYMENT_TARGET = 15.0;
				MTL_ENABLE_DEBUG_INFO = NO;
				MTL_FAST_MATH = YES;
				SDKROOT = iphoneos;
				SWIFT_COMPILATION_MODE = wholemodule;
				SWIFT_OPTIMIZATION_LEVEL = "-O";
				VALIDATE_PRODUCT = YES;
				VERSIONING_SYSTEM = "apple-generic";
				VERSION_INFO_PREFIX = "";
			};
			name = Release;
		};
		11A2CA7E276B927F0026289D /* Debug */ = {
			isa = XCBuildConfiguration;
			buildSettings = {
				CODE_SIGN_STYLE = Automatic;
				CURRENT_PROJECT_VERSION = 1;
				DEFINES_MODULE = YES;
				DYLIB_COMPATIBILITY_VERSION = 1;
				DYLIB_CURRENT_VERSION = 1;
				DYLIB_INSTALL_NAME_BASE = "@rpath";
				GENERATE_INFOPLIST_FILE = YES;
				INFOPLIST_KEY_NSHumanReadableCopyright = "";
				INSTALL_PATH = "$(LOCAL_LIBRARY_DIR)/Frameworks";
				LD_RUNPATH_SEARCH_PATHS = (
					"$(inherited)",
					"@executable_path/Frameworks",
					"@loader_path/Frameworks",
				);
				MARKETING_VERSION = 1.0;
				PRODUCT_BUNDLE_IDENTIFIER = light.AppMetrics.AppMetrics;
				PRODUCT_NAME = "$(TARGET_NAME:c99extidentifier)";
				SKIP_INSTALL = YES;
				SWIFT_EMIT_LOC_STRINGS = YES;
				SWIFT_VERSION = 5.0;
				TARGETED_DEVICE_FAMILY = "1,2";
			};
			name = Debug;
		};
		11A2CA7F276B927F0026289D /* Release */ = {
			isa = XCBuildConfiguration;
			buildSettings = {
				CODE_SIGN_STYLE = Automatic;
				CURRENT_PROJECT_VERSION = 1;
				DEFINES_MODULE = YES;
				DYLIB_COMPATIBILITY_VERSION = 1;
				DYLIB_CURRENT_VERSION = 1;
				DYLIB_INSTALL_NAME_BASE = "@rpath";
				GENERATE_INFOPLIST_FILE = YES;
				INFOPLIST_KEY_NSHumanReadableCopyright = "";
				INSTALL_PATH = "$(LOCAL_LIBRARY_DIR)/Frameworks";
				LD_RUNPATH_SEARCH_PATHS = (
					"$(inherited)",
					"@executable_path/Frameworks",
					"@loader_path/Frameworks",
				);
				MARKETING_VERSION = 1.0;
				PRODUCT_BUNDLE_IDENTIFIER = light.AppMetrics.AppMetrics;
				PRODUCT_NAME = "$(TARGET_NAME:c99extidentifier)";
				SKIP_INSTALL = YES;
				SWIFT_EMIT_LOC_STRINGS = YES;
				SWIFT_VERSION = 5.0;
				TARGETED_DEVICE_FAMILY = "1,2";
			};
			name = Release;
		};
		11A2CADC276B93C70026289D /* Debug */ = {
			isa = XCBuildConfiguration;
			buildSettings = {
				CODE_SIGN_STYLE = Automatic;
				CURRENT_PROJECT_VERSION = 1;
				DEFINES_MODULE = YES;
				DEVELOPMENT_TEAM = "";
				DYLIB_COMPATIBILITY_VERSION = 1;
				DYLIB_CURRENT_VERSION = 1;
				DYLIB_INSTALL_NAME_BASE = "@rpath";
				GENERATE_INFOPLIST_FILE = YES;
				INFOPLIST_KEY_NSHumanReadableCopyright = "";
				INSTALL_PATH = "$(LOCAL_LIBRARY_DIR)/Frameworks";
				LD_RUNPATH_SEARCH_PATHS = (
					"$(inherited)",
					"@executable_path/Frameworks",
					"@loader_path/Frameworks",
				);
				MARKETING_VERSION = 1.0;
				PRODUCT_BUNDLE_IDENTIFIER = light.AppMetricsKit.AppMetricsKit;
				PRODUCT_NAME = "$(TARGET_NAME:c99extidentifier)";
				SKIP_INSTALL = YES;
				SWIFT_EMIT_LOC_STRINGS = YES;
				SWIFT_VERSION = 5.0;
				TARGETED_DEVICE_FAMILY = "1,2";
			};
			name = Debug;
		};
		11A2CADD276B93C70026289D /* Release */ = {
			isa = XCBuildConfiguration;
			buildSettings = {
				CODE_SIGN_STYLE = Automatic;
				CURRENT_PROJECT_VERSION = 1;
				DEFINES_MODULE = YES;
				DEVELOPMENT_TEAM = "";
				DYLIB_COMPATIBILITY_VERSION = 1;
				DYLIB_CURRENT_VERSION = 1;
				DYLIB_INSTALL_NAME_BASE = "@rpath";
				GENERATE_INFOPLIST_FILE = YES;
				INFOPLIST_KEY_NSHumanReadableCopyright = "";
				INSTALL_PATH = "$(LOCAL_LIBRARY_DIR)/Frameworks";
				LD_RUNPATH_SEARCH_PATHS = (
					"$(inherited)",
					"@executable_path/Frameworks",
					"@loader_path/Frameworks",
				);
				MARKETING_VERSION = 1.0;
				PRODUCT_BUNDLE_IDENTIFIER = light.AppMetricsKit.AppMetricsKit;
				PRODUCT_NAME = "$(TARGET_NAME:c99extidentifier)";
				SKIP_INSTALL = YES;
				SWIFT_EMIT_LOC_STRINGS = YES;
				SWIFT_VERSION = 5.0;
				TARGETED_DEVICE_FAMILY = "1,2";
			};
			name = Release;
		};
/* End XCBuildConfiguration section */

/* Begin XCConfigurationList section */
		11A2CA70276B927F0026289D /* Build configuration list for PBXProject "AppMetrics" */ = {
			isa = XCConfigurationList;
			buildConfigurations = (
				11A2CA7B276B927F0026289D /* Debug */,
				11A2CA7C276B927F0026289D /* Release */,
			);
			defaultConfigurationIsVisible = 0;
			defaultConfigurationName = Release;
		};
		11A2CA7D276B927F0026289D /* Build configuration list for PBXNativeTarget "AppMetrics" */ = {
			isa = XCConfigurationList;
			buildConfigurations = (
				11A2CA7E276B927F0026289D /* Debug */,
				11A2CA7F276B927F0026289D /* Release */,
			);
			defaultConfigurationIsVisible = 0;
			defaultConfigurationName = Release;
		};
		11A2CADB276B93C70026289D /* Build configuration list for PBXNativeTarget "AppMetricsKit" */ = {
			isa = XCConfigurationList;
			buildConfigurations = (
				11A2CADC276B93C70026289D /* Debug */,
				11A2CADD276B93C70026289D /* Release */,
			);
			defaultConfigurationIsVisible = 0;
			defaultConfigurationName = Release;
		};
/* End XCConfigurationList section */

/* Begin XCRemoteSwiftPackageReference section */
		11A2CACF276B935F0026289D /* XCRemoteSwiftPackageReference "CommonUtils" */ = {
			isa = XCRemoteSwiftPackageReference;
			repositoryURL = "https://github.com/light-io/CommonUtils.git";
			requirement = {
				kind = upToNextMajorVersion;
				minimumVersion = 1.0.0;
			};
		};
/* End XCRemoteSwiftPackageReference section */

/* Begin XCSwiftPackageProductDependency section */
		11A2CAD0276B935F0026289D /* CommonUtils */ = {
			isa = XCSwiftPackageProductDependency;
			package = 11A2CACF276B935F0026289D /* XCRemoteSwiftPackageReference "CommonUtils" */;
			productName = CommonUtils;
		};
		11A2CAE7276B94450026289D /* CommonUtils */ = {
			isa = XCSwiftPackageProductDependency;
			package = 11A2CACF276B935F0026289D /* XCRemoteSwiftPackageReference "CommonUtils" */;
			productName = CommonUtils;
		};
/* End XCSwiftPackageProductDependency section */
	};
	rootObject = 11A2CA6D276B927F0026289D /* Project object */;
}
